
Microsoft Visual Studio Solution File, Format Version 12.00
# Visual Studio 15
VisualStudioVersion = 15.0.28010.2048
MinimumVisualStudioVersion = 10.0.40219.1
Project("{FAE04EC0-301F-11D3-BF4B-00C04F79EFBC}") = "BikeFactoryWorker", "BikeFactoryWorker\BikeFactoryWorker.csproj", "{07C2182B-05EF-43D3-9A29-033159E64A54}"
EndProject
Project("{FAE04EC0-301F-11D3-BF4B-00C04F79EFBC}") = "WorkstationManager", "WorkstationManager\WorkstationManager.csproj", "{460A7C9B-8E53-4BF6-9B4C-7AAE44E9653A}"
EndProject
Global
	GlobalSection(SolutionConfigurationPlatforms) = preSolution
		Debug|Any CPU = Debug|Any CPU
		Release|Any CPU = Release|Any CPU
	EndGlobalSection
	GlobalSection(ProjectConfigurationPlatforms) = postSolution
		{07C2182B-05EF-43D3-9A29-033159E64A54}.Debug|Any CPU.ActiveCfg = Debug|Any CPU
		{07C2182B-05EF-43D3-9A29-033159E64A54}.Debug|Any CPU.Build.0 = Debug|Any CPU
		{07C2182B-05EF-43D3-9A29-033159E64A54}.Release|Any CPU.ActiveCfg = Release|Any CPU
		{07C2182B-05EF-43D3-9A29-033159E64A54}.Release|Any CPU.Build.0 = Release|Any CPU
		{460A7C9B-8E53-4BF6-9B4C-7AAE44E9653A}.Debug|Any CPU.ActiveCfg = Debug|Any CPU
		{460A7C9B-8E53-4BF6-9B4C-7AAE44E9653A}.Debug|Any CPU.Build.0 = Debug|Any CPU
		{460A7C9B-8E53-4BF6-9B4C-7AAE44E9653A}.Release|Any CPU.ActiveCfg = Release|Any CPU
		{460A7C9B-8E53-4BF6-9B4C-7AAE44E9653A}.Release|Any CPU.Build.0 = Release|Any CPU
	EndGlobalSection
	GlobalSection(SolutionProperties) = preSolution
		HideSolutionNode = FALSE
	EndGlobalSection
	GlobalSection(ExtensibilityGlobals) = postSolution
		SolutionGuid = {C6754F53-AF93-4114-B356-3E2D06203209}
	EndGlobalSection
EndGlobal
